
Microsoft Visual Studio Solution File, Format Version 12.00
# Visual Studio 14
VisualStudioVersion = 14.0.25123.0
MinimumVisualStudioVersion = 10.0.40219.1
Project("{FAE04EC0-301F-11D3-BF4B-00C04F79EFBC}") = "SquareRoot", "SquareRoot\SquareRoot.csproj", "{D261B3D0-D30C-4C3B-923B-EBC113D0F2BE}"
EndProject
Project("{FAE04EC0-301F-11D3-BF4B-00C04F79EFBC}") = "EnterNumbers", "EnterNumbers\EnterNumbers.csproj", "{DAFEA1ED-7B7A-4A4C-B52D-31262D1BF932}"
EndProject
Global
	GlobalSection(SolutionConfigurationPlatforms) = preSolution
		Debug|Any CPU = Debug|Any CPU
		Release|Any CPU = Release|Any CPU
	EndGlobalSection
	GlobalSection(ProjectConfigurationPlatforms) = postSolution
		{D261B3D0-D30C-4C3B-923B-EBC113D0F2BE}.Debug|Any CPU.ActiveCfg = Debug|Any CPU
		{D261B3D0-D30C-4C3B-923B-EBC113D0F2BE}.Debug|Any CPU.Build.0 = Debug|Any CPU
		{D261B3D0-D30C-4C3B-923B-EBC113D0F2BE}.Release|Any CPU.ActiveCfg = Release|Any CPU
		{D261B3D0-D30C-4C3B-923B-EBC113D0F2BE}.Release|Any CPU.Build.0 = Release|Any CPU
		{DAFEA1ED-7B7A-4A4C-B52D-31262D1BF932}.Debug|Any CPU.ActiveCfg = Debug|Any CPU
		{DAFEA1ED-7B7A-4A4C-B52D-31262D1BF932}.Debug|Any CPU.Build.0 = Debug|Any CPU
		{DAFEA1ED-7B7A-4A4C-B52D-31262D1BF932}.Release|Any CPU.ActiveCfg = Release|Any CPU
		{DAFEA1ED-7B7A-4A4C-B52D-31262D1BF932}.Release|Any CPU.Build.0 = Release|Any CPU
	EndGlobalSection
	GlobalSection(SolutionProperties) = preSolution
		HideSolutionNode = FALSE
	EndGlobalSection
EndGlobal
